
Microsoft Visual Studio Solution File, Format Version 12.00
# Visual Studio 14
VisualStudioVersion = 14.0.23107.0
MinimumVisualStudioVersion = 10.0.40219.1
Project("{2150E333-8FDC-42A3-9474-1A3956D46DE8}") = "src", "src", "{0AE720AC-6D71-4072-9C09-3C18F22B2384}"
EndProject
Project("{2150E333-8FDC-42A3-9474-1A3956D46DE8}") = "Solution Items", "Solution Items", "{9E87C3A7-6EBB-4B46-A12A-16920DA772B3}"
	ProjectSection(SolutionItems) = preProject
		global.json = global.json
		NuGet.Config = NuGet.Config
	EndProjectSection
EndProject
Project("{8BB2217D-0F2D-49D1-97BC-3654ED321F3B}") = "System.Data.OrientDbClient", "src\System.Data.OrientDbClient\System.Data.OrientDbClient.xproj", "{E047EF39-6ED8-4AFC-A468-C21D3F5C5F9D}"
EndProject
Project("{2150E333-8FDC-42A3-9474-1A3956D46DE8}") = "tests", "tests", "{C1656398-2C59-436C-AC34-A9A2852D13EA}"
EndProject
Project("{8BB2217D-0F2D-49D1-97BC-3654ED321F3B}") = "System.Data.OrientDbClient.Tests", "System.Data.OrientDbClient.Tests\System.Data.OrientDbClient.Tests.xproj", "{CAC0002E-C150-4DFA-84D7-1FE6055F1DC9}"
EndProject
Global
	GlobalSection(SolutionConfigurationPlatforms) = preSolution
		Debug|Any CPU = Debug|Any CPU
		Release|Any CPU = Release|Any CPU
	EndGlobalSection
	GlobalSection(ProjectConfigurationPlatforms) = postSolution
		{E047EF39-6ED8-4AFC-A468-C21D3F5C5F9D}.Debug|Any CPU.ActiveCfg = Debug|Any CPU
		{E047EF39-6ED8-4AFC-A468-C21D3F5C5F9D}.Debug|Any CPU.Build.0 = Debug|Any CPU
		{E047EF39-6ED8-4AFC-A468-C21D3F5C5F9D}.Release|Any CPU.ActiveCfg = Release|Any CPU
		{E047EF39-6ED8-4AFC-A468-C21D3F5C5F9D}.Release|Any CPU.Build.0 = Release|Any CPU
		{CAC0002E-C150-4DFA-84D7-1FE6055F1DC9}.Debug|Any CPU.ActiveCfg = Debug|Any CPU
		{CAC0002E-C150-4DFA-84D7-1FE6055F1DC9}.Debug|Any CPU.Build.0 = Debug|Any CPU
		{CAC0002E-C150-4DFA-84D7-1FE6055F1DC9}.Release|Any CPU.ActiveCfg = Release|Any CPU
		{CAC0002E-C150-4DFA-84D7-1FE6055F1DC9}.Release|Any CPU.Build.0 = Release|Any CPU
	EndGlobalSection
	GlobalSection(SolutionProperties) = preSolution
		HideSolutionNode = FALSE
	EndGlobalSection
	GlobalSection(NestedProjects) = preSolution
		{E047EF39-6ED8-4AFC-A468-C21D3F5C5F9D} = {0AE720AC-6D71-4072-9C09-3C18F22B2384}
		{CAC0002E-C150-4DFA-84D7-1FE6055F1DC9} = {C1656398-2C59-436C-AC34-A9A2852D13EA}
	EndGlobalSection
EndGlobal
